
Microsoft Visual Studio Solution File, Format Version 12.00
# Visual Studio Version 17
VisualStudioVersion = 17.11.35327.3
MinimumVisualStudioVersion = 10.0.40219.1
Project("{FAE04EC0-301F-11D3-BF4B-00C04F79EFBC}") = "Proyecto1", "Proyecto1\Proyecto1.csproj", "{DB459B99-A8F1-4EBE-9D22-6A8A33B665E4}"
EndProject
Project("{FAE04EC0-301F-11D3-BF4B-00C04F79EFBC}") = "Proyecto2", "Proyecto2\Proyecto2.csproj", "{E41E2593-81E6-4DFA-A498-4AB609ADFC8B}"
EndProject
Global
	GlobalSection(SolutionConfigurationPlatforms) = preSolution
		Debug|Any CPU = Debug|Any CPU
		Release|Any CPU = Release|Any CPU
	EndGlobalSection
	GlobalSection(ProjectConfigurationPlatforms) = postSolution
		{DB459B99-A8F1-4EBE-9D22-6A8A33B665E4}.Debug|Any CPU.ActiveCfg = Debug|Any CPU
		{DB459B99-A8F1-4EBE-9D22-6A8A33B665E4}.Debug|Any CPU.Build.0 = Debug|Any CPU
		{DB459B99-A8F1-4EBE-9D22-6A8A33B665E4}.Release|Any CPU.ActiveCfg = Release|Any CPU
		{DB459B99-A8F1-4EBE-9D22-6A8A33B665E4}.Release|Any CPU.Build.0 = Release|Any CPU
		{E41E2593-81E6-4DFA-A498-4AB609ADFC8B}.Debug|Any CPU.ActiveCfg = Debug|Any CPU
		{E41E2593-81E6-4DFA-A498-4AB609ADFC8B}.Debug|Any CPU.Build.0 = Debug|Any CPU
		{E41E2593-81E6-4DFA-A498-4AB609ADFC8B}.Release|Any CPU.ActiveCfg = Release|Any CPU
		{E41E2593-81E6-4DFA-A498-4AB609ADFC8B}.Release|Any CPU.Build.0 = Release|Any CPU
	EndGlobalSection
	GlobalSection(SolutionProperties) = preSolution
		HideSolutionNode = FALSE
	EndGlobalSection
	GlobalSection(ExtensibilityGlobals) = postSolution
		SolutionGuid = {ED6F5EFF-4748-45F3-99E7-018C5EBE6415}
	EndGlobalSection
EndGlobal
